
Microsoft Visual Studio Solution File, Format Version 12.00
# Visual Studio 14
VisualStudioVersion = 14.0.25420.1
MinimumVisualStudioVersion = 10.0.40219.1
Project("{FAE04EC0-301F-11D3-BF4B-00C04F79EFBC}") = "Calculator", "Calculator\Calculator.csproj", "{662CCB13-85F5-4B3F-8130-C6D33693FA73}"
EndProject
Project("{FAE04EC0-301F-11D3-BF4B-00C04F79EFBC}") = "SelfHosting", "SelfHosting\SelfHosting.csproj", "{6A7D76DF-D34E-477C-9430-635C67058B7F}"
EndProject
Global
	GlobalSection(SolutionConfigurationPlatforms) = preSolution
		Debug|Any CPU = Debug|Any CPU
		Release|Any CPU = Release|Any CPU
	EndGlobalSection
	GlobalSection(ProjectConfigurationPlatforms) = postSolution
		{662CCB13-85F5-4B3F-8130-C6D33693FA73}.Debug|Any CPU.ActiveCfg = Debug|Any CPU
		{662CCB13-85F5-4B3F-8130-C6D33693FA73}.Debug|Any CPU.Build.0 = Debug|Any CPU
		{662CCB13-85F5-4B3F-8130-C6D33693FA73}.Release|Any CPU.ActiveCfg = Release|Any CPU
		{662CCB13-85F5-4B3F-8130-C6D33693FA73}.Release|Any CPU.Build.0 = Release|Any CPU
		{6A7D76DF-D34E-477C-9430-635C67058B7F}.Debug|Any CPU.ActiveCfg = Debug|Any CPU
		{6A7D76DF-D34E-477C-9430-635C67058B7F}.Debug|Any CPU.Build.0 = Debug|Any CPU
		{6A7D76DF-D34E-477C-9430-635C67058B7F}.Release|Any CPU.ActiveCfg = Release|Any CPU
		{6A7D76DF-D34E-477C-9430-635C67058B7F}.Release|Any CPU.Build.0 = Release|Any CPU
	EndGlobalSection
	GlobalSection(SolutionProperties) = preSolution
		HideSolutionNode = FALSE
	EndGlobalSection
EndGlobal
